// !$*UTF8*$!
{
	archiveVersion = 1;
	classes = {
	};
	objectVersion = 46;
	objects = {

/* Begin PBXBuildFile section */
		5BD2C4AF17C5496A00028E4B /* UIKit.framework in Frameworks */ = {isa = PBXBuildFile; fileRef = 5BD2C4AE17C5496A00028E4B /* UIKit.framework */; };
		5BD2C4B117C5496A00028E4B /* Foundation.framework in Frameworks */ = {isa = PBXBuildFile; fileRef = 5BD2C4B017C5496A00028E4B /* Foundation.framework */; };
		5BD2C4B317C5496A00028E4B /* CoreGraphics.framework in Frameworks */ = {isa = PBXBuildFile; fileRef = 5BD2C4B217C5496A00028E4B /* CoreGraphics.framework */; };
		5BD2C4B917C5496A00028E4B /* InfoPlist.strings in Resources */ = {isa = PBXBuildFile; fileRef = 5BD2C4B717C5496A00028E4B /* InfoPlist.strings */; };
		5BD2C4BB17C5496A00028E4B /* main.m in Sources */ = {isa = PBXBuildFile; fileRef = 5BD2C4BA17C5496A00028E4B /* main.m */; };
		5BD2C4BF17C5496A00028E4B /* XBAppDelegate.m in Sources */ = {isa = PBXBuildFile; fileRef = 5BD2C4BE17C5496A00028E4B /* XBAppDelegate.m */; };
		5BD2C4C117C5496B00028E4B /* Default.png in Resources */ = {isa = PBXBuildFile; fileRef = 5BD2C4C017C5496B00028E4B /* Default.png */; };
		5BD2C4C317C5496B00028E4B /* Default@2x.png in Resources */ = {isa = PBXBuildFile; fileRef = 5BD2C4C217C5496B00028E4B /* Default@2x.png */; };
		5BD2C4C517C5496B00028E4B /* Default-568h@2x.png in Resources */ = {isa = PBXBuildFile; fileRef = 5BD2C4C417C5496B00028E4B /* Default-568h@2x.png */; };
		5BD2C4C817C5496B00028E4B /* MainStoryboard_iPhone.storyboard in Resources */ = {isa = PBXBuildFile; fileRef = 5BD2C4C617C5496B00028E4B /* MainStoryboard_iPhone.storyboard */; };
		5BD2C4CB17C5496B00028E4B /* MainStoryboard_iPad.storyboard in Resources */ = {isa = PBXBuildFile; fileRef = 5BD2C4C917C5496B00028E4B /* MainStoryboard_iPad.storyboard */; };
		5BD2C4CE17C5496B00028E4B /* XBViewController.m in Sources */ = {isa = PBXBuildFile; fileRef = 5BD2C4CD17C5496B00028E4B /* XBViewController.m */; };
		5BD2C4D617C5496B00028E4B /* SenTestingKit.framework in Frameworks */ = {isa = PBXBuildFile; fileRef = 5BD2C4D517C5496B00028E4B /* SenTestingKit.framework */; };
		5BD2C4D717C5496B00028E4B /* UIKit.framework in Frameworks */ = {isa = PBXBuildFile; fileRef = 5BD2C4AE17C5496A00028E4B /* UIKit.framework */; };
		5BD2C4D817C5496B00028E4B /* Foundation.framework in Frameworks */ = {isa = PBXBuildFile; fileRef = 5BD2C4B017C5496A00028E4B /* Foundation.framework */; };
		5BD2C4E017C5496B00028E4B /* InfoPlist.strings in Resources */ = {isa = PBXBuildFile; fileRef = 5BD2C4DE17C5496B00028E4B /* InfoPlist.strings */; };
		5BD2C4E317C5496B00028E4B /* AWS_SNS_samplesTests.m in Sources */ = {isa = PBXBuildFile; fileRef = 5BD2C4E217C5496B00028E4B /* AWS_SNS_samplesTests.m */; };
		7B293EE5E98E4352AFC163D8 /* libPods.a in Frameworks */ = {isa = PBXBuildFile; fileRef = DD0ACEE1D06742D5B6DC6DA5 /* libPods.a */; settings = {}; };
/* End PBXBuildFile section */

/* Begin PBXContainerItemProxy section */
		5BD2C4D917C5496B00028E4B /* PBXContainerItemProxy */ = {
			isa = PBXContainerItemProxy;
			containerPortal = 5BD2C4A317C5496A00028E4B /* Project object */;
			proxyType = 1;
			remoteGlobalIDString = 5BD2C4AA17C5496A00028E4B;
			remoteInfo = "AWS-SNS-samples";
		};
/* End PBXContainerItemProxy section */

/* Begin PBXFileReference section */
		5BD2C4AB17C5496A00028E4B /* AWS-SNS-samples.app */ = {isa = PBXFileReference; explicitFileType = wrapper.application; includeInIndex = 0; path = "AWS-SNS-samples.app"; sourceTree = BUILT_PRODUCTS_DIR; };
		5BD2C4AE17C5496A00028E4B /* UIKit.framework */ = {isa = PBXFileReference; lastKnownFileType = wrapper.framework; name = UIKit.framework; path = System/Library/Frameworks/UIKit.framework; sourceTree = SDKROOT; };
		5BD2C4B017C5496A00028E4B /* Foundation.framework */ = {isa = PBXFileReference; lastKnownFileType = wrapper.framework; name = Foundation.framework; path = System/Library/Frameworks/Foundation.framework; sourceTree = SDKROOT; };
		5BD2C4B217C5496A00028E4B /* CoreGraphics.framework */ = {isa = PBXFileReference; lastKnownFileType = wrapper.framework; name = CoreGraphics.framework; path = System/Library/Frameworks/CoreGraphics.framework; sourceTree = SDKROOT; };
		5BD2C4B617C5496A00028E4B /* AWS-SNS-samples-Info.plist */ = {isa = PBXFileReference; lastKnownFileType = text.plist.xml; path = "AWS-SNS-samples-Info.plist"; sourceTree = "<group>"; };
		5BD2C4B817C5496A00028E4B /* en */ = {isa = PBXFileReference; lastKnownFileType = text.plist.strings; name = en; path = en.lproj/InfoPlist.strings; sourceTree = "<group>"; };
		5BD2C4BA17C5496A00028E4B /* main.m */ = {isa = PBXFileReference; lastKnownFileType = sourcecode.c.objc; path = main.m; sourceTree = "<group>"; };
		5BD2C4BC17C5496A00028E4B /* AWS-SNS-samples-Prefix.pch */ = {isa = PBXFileReference; lastKnownFileType = sourcecode.c.h; path = "AWS-SNS-samples-Prefix.pch"; sourceTree = "<group>"; };
		5BD2C4BD17C5496A00028E4B /* XBAppDelegate.h */ = {isa = PBXFileReference; lastKnownFileType = sourcecode.c.h; path = XBAppDelegate.h; sourceTree = "<group>"; };
		5BD2C4BE17C5496A00028E4B /* XBAppDelegate.m */ = {isa = PBXFileReference; lastKnownFileType = sourcecode.c.objc; path = XBAppDelegate.m; sourceTree = "<group>"; };
		5BD2C4C017C5496B00028E4B /* Default.png */ = {isa = PBXFileReference; lastKnownFileType = image.png; path = Default.png; sourceTree = "<group>"; };
		5BD2C4C217C5496B00028E4B /* Default@2x.png */ = {isa = PBXFileReference; lastKnownFileType = image.png; path = "Default@2x.png"; sourceTree = "<group>"; };
		5BD2C4C417C5496B00028E4B /* Default-568h@2x.png */ = {isa = PBXFileReference; lastKnownFileType = image.png; path = "Default-568h@2x.png"; sourceTree = "<group>"; };
		5BD2C4C717C5496B00028E4B /* en */ = {isa = PBXFileReference; lastKnownFileType = file.storyboard; name = en; path = en.lproj/MainStoryboard_iPhone.storyboard; sourceTree = "<group>"; };
		5BD2C4CA17C5496B00028E4B /* en */ = {isa = PBXFileReference; lastKnownFileType = file.storyboard; name = en; path = en.lproj/MainStoryboard_iPad.storyboard; sourceTree = "<group>"; };
		5BD2C4CC17C5496B00028E4B /* XBViewController.h */ = {isa = PBXFileReference; lastKnownFileType = sourcecode.c.h; path = XBViewController.h; sourceTree = "<group>"; };
		5BD2C4CD17C5496B00028E4B /* XBViewController.m */ = {isa = PBXFileReference; lastKnownFileType = sourcecode.c.objc; path = XBViewController.m; sourceTree = "<group>"; };
		5BD2C4D417C5496B00028E4B /* AWS-SNS-samplesTests.octest */ = {isa = PBXFileReference; explicitFileType = wrapper.cfbundle; includeInIndex = 0; path = "AWS-SNS-samplesTests.octest"; sourceTree = BUILT_PRODUCTS_DIR; };
		5BD2C4D517C5496B00028E4B /* SenTestingKit.framework */ = {isa = PBXFileReference; lastKnownFileType = wrapper.framework; name = SenTestingKit.framework; path = Library/Frameworks/SenTestingKit.framework; sourceTree = DEVELOPER_DIR; };
		5BD2C4DD17C5496B00028E4B /* AWS-SNS-samplesTests-Info.plist */ = {isa = PBXFileReference; lastKnownFileType = text.plist.xml; path = "AWS-SNS-samplesTests-Info.plist"; sourceTree = "<group>"; };
		5BD2C4DF17C5496B00028E4B /* en */ = {isa = PBXFileReference; lastKnownFileType = text.plist.strings; name = en; path = en.lproj/InfoPlist.strings; sourceTree = "<group>"; };
		5BD2C4E117C5496B00028E4B /* AWS_SNS_samplesTests.h */ = {isa = PBXFileReference; lastKnownFileType = sourcecode.c.h; path = AWS_SNS_samplesTests.h; sourceTree = "<group>"; };
		5BD2C4E217C5496B00028E4B /* AWS_SNS_samplesTests.m */ = {isa = PBXFileReference; lastKnownFileType = sourcecode.c.objc; path = AWS_SNS_samplesTests.m; sourceTree = "<group>"; };
		DD0ACEE1D06742D5B6DC6DA5 /* libPods.a */ = {isa = PBXFileReference; explicitFileType = archive.ar; includeInIndex = 0; name = libPods.a; path = libPods.a; sourceTree = BUILT_PRODUCTS_DIR; };
		E4DC477D46ED47DA935F1FB3 /* Pods.xcconfig */ = {isa = PBXFileReference; includeInIndex = 1; lastKnownFileType = text.xcconfig; name = Pods.xcconfig; path = Pods/Pods.xcconfig; sourceTree = SOURCE_ROOT; };
/* End PBXFileReference section */

/* Begin PBXFrameworksBuildPhase section */
		5BD2C4A817C5496A00028E4B /* Frameworks */ = {
			isa = PBXFrameworksBuildPhase;
			buildActionMask = 2147483647;
			files = (
				5BD2C4AF17C5496A00028E4B /* UIKit.framework in Frameworks */,
				5BD2C4B117C5496A00028E4B /* Foundation.framework in Frameworks */,
				5BD2C4B317C5496A00028E4B /* CoreGraphics.framework in Frameworks */,
				7B293EE5E98E4352AFC163D8 /* libPods.a in Frameworks */,
			);
			runOnlyForDeploymentPostprocessing = 0;
		};
		5BD2C4D017C5496B00028E4B /* Frameworks */ = {
			isa = PBXFrameworksBuildPhase;
			buildActionMask = 2147483647;
			files = (
				5BD2C4D617C5496B00028E4B /* SenTestingKit.framework in Frameworks */,
				5BD2C4D717C5496B00028E4B /* UIKit.framework in Frameworks */,
				5BD2C4D817C5496B00028E4B /* Foundation.framework in Frameworks */,
			);
			runOnlyForDeploymentPostprocessing = 0;
		};
/* End PBXFrameworksBuildPhase section */

/* Begin PBXGroup section */
		5BD2C4A217C5496A00028E4B = {
			isa = PBXGroup;
			children = (
				5BD2C4B417C5496A00028E4B /* AWS-SNS-samples */,
				5BD2C4DB17C5496B00028E4B /* AWS-SNS-samplesTests */,
				5BD2C4AD17C5496A00028E4B /* Frameworks */,
				5BD2C4AC17C5496A00028E4B /* Products */,
				E4DC477D46ED47DA935F1FB3 /* Pods.xcconfig */,
			);
			sourceTree = "<group>";
		};
		5BD2C4AC17C5496A00028E4B /* Products */ = {
			isa = PBXGroup;
			children = (
				5BD2C4AB17C5496A00028E4B /* AWS-SNS-samples.app */,
				5BD2C4D417C5496B00028E4B /* AWS-SNS-samplesTests.octest */,
			);
			name = Products;
			sourceTree = "<group>";
		};
		5BD2C4AD17C5496A00028E4B /* Frameworks */ = {
			isa = PBXGroup;
			children = (
				5BD2C4AE17C5496A00028E4B /* UIKit.framework */,
				5BD2C4B017C5496A00028E4B /* Foundation.framework */,
				5BD2C4B217C5496A00028E4B /* CoreGraphics.framework */,
				5BD2C4D517C5496B00028E4B /* SenTestingKit.framework */,
				DD0ACEE1D06742D5B6DC6DA5 /* libPods.a */,
			);
			name = Frameworks;
			sourceTree = "<group>";
		};
		5BD2C4B417C5496A00028E4B /* AWS-SNS-samples */ = {
			isa = PBXGroup;
			children = (
				5BD2C4BD17C5496A00028E4B /* XBAppDelegate.h */,
				5BD2C4BE17C5496A00028E4B /* XBAppDelegate.m */,
				5BD2C4C617C5496B00028E4B /* MainStoryboard_iPhone.storyboard */,
				5BD2C4C917C5496B00028E4B /* MainStoryboard_iPad.storyboard */,
				5BD2C4CC17C5496B00028E4B /* XBViewController.h */,
				5BD2C4CD17C5496B00028E4B /* XBViewController.m */,
				5BD2C4B517C5496A00028E4B /* Supporting Files */,
			);
			path = "AWS-SNS-samples";
			sourceTree = "<group>";
		};
		5BD2C4B517C5496A00028E4B /* Supporting Files */ = {
			isa = PBXGroup;
			children = (
				5BD2C4B617C5496A00028E4B /* AWS-SNS-samples-Info.plist */,
				5BD2C4B717C5496A00028E4B /* InfoPlist.strings */,
				5BD2C4BA17C5496A00028E4B /* main.m */,
				5BD2C4BC17C5496A00028E4B /* AWS-SNS-samples-Prefix.pch */,
				5BD2C4C017C5496B00028E4B /* Default.png */,
				5BD2C4C217C5496B00028E4B /* Default@2x.png */,
				5BD2C4C417C5496B00028E4B /* Default-568h@2x.png */,
			);
			name = "Supporting Files";
			sourceTree = "<group>";
		};
		5BD2C4DB17C5496B00028E4B /* AWS-SNS-samplesTests */ = {
			isa = PBXGroup;
			children = (
				5BD2C4E117C5496B00028E4B /* AWS_SNS_samplesTests.h */,
				5BD2C4E217C5496B00028E4B /* AWS_SNS_samplesTests.m */,
				5BD2C4DC17C5496B00028E4B /* Supporting Files */,
			);
			path = "AWS-SNS-samplesTests";
			sourceTree = "<group>";
		};
		5BD2C4DC17C5496B00028E4B /* Supporting Files */ = {
			isa = PBXGroup;
			children = (
				5BD2C4DD17C5496B00028E4B /* AWS-SNS-samplesTests-Info.plist */,
				5BD2C4DE17C5496B00028E4B /* InfoPlist.strings */,
			);
			name = "Supporting Files";
			sourceTree = "<group>";
		};
/* End PBXGroup section */

/* Begin PBXNativeTarget section */
		5BD2C4AA17C5496A00028E4B /* AWS-SNS-samples */ = {
			isa = PBXNativeTarget;
			buildConfigurationList = 5BD2C4E617C5496B00028E4B /* Build configuration list for PBXNativeTarget "AWS-SNS-samples" */;
			buildPhases = (
				571224623C61403591CC3AA2 /* Check Pods Manifest.lock */,
				5BD2C4A717C5496A00028E4B /* Sources */,
				5BD2C4A817C5496A00028E4B /* Frameworks */,
				5BD2C4A917C5496A00028E4B /* Resources */,
				84A6E5BB941147FDAFDE8531 /* Copy Pods Resources */,
			);
			buildRules = (
			);
			dependencies = (
			);
			name = "AWS-SNS-samples";
			productName = "AWS-SNS-samples";
			productReference = 5BD2C4AB17C5496A00028E4B /* AWS-SNS-samples.app */;
			productType = "com.apple.product-type.application";
		};
		5BD2C4D317C5496B00028E4B /* AWS-SNS-samplesTests */ = {
			isa = PBXNativeTarget;
			buildConfigurationList = 5BD2C4E917C5496B00028E4B /* Build configuration list for PBXNativeTarget "AWS-SNS-samplesTests" */;
			buildPhases = (
				5BD2C4CF17C5496B00028E4B /* Sources */,
				5BD2C4D017C5496B00028E4B /* Frameworks */,
				5BD2C4D117C5496B00028E4B /* Resources */,
				5BD2C4D217C5496B00028E4B /* ShellScript */,
			);
			buildRules = (
			);
			dependencies = (
				5BD2C4DA17C5496B00028E4B /* PBXTargetDependency */,
			);
			name = "AWS-SNS-samplesTests";
			productName = "AWS-SNS-samplesTests";
			productReference = 5BD2C4D417C5496B00028E4B /* AWS-SNS-samplesTests.octest */;
			productType = "com.apple.product-type.bundle";
		};
/* End PBXNativeTarget section */

/* Begin PBXProject section */
		5BD2C4A317C5496A00028E4B /* Project object */ = {
			isa = PBXProject;
			attributes = {
				CLASSPREFIX = XB;
				LastUpgradeCheck = 0460;
				ORGANIZATIONNAME = "Martin Moizard";
			};
			buildConfigurationList = 5BD2C4A617C5496A00028E4B /* Build configuration list for PBXProject "AWS-SNS-samples" */;
			compatibilityVersion = "Xcode 3.2";
			developmentRegion = English;
			hasScannedForEncodings = 0;
			knownRegions = (
				en,
			);
			mainGroup = 5BD2C4A217C5496A00028E4B;
			productRefGroup = 5BD2C4AC17C5496A00028E4B /* Products */;
			projectDirPath = "";
			projectReferences = (
			);
			projectRoot = "";
			targets = (
				5BD2C4AA17C5496A00028E4B /* AWS-SNS-samples */,
				5BD2C4D317C5496B00028E4B /* AWS-SNS-samplesTests */,
			);
		};
/* End PBXProject section */

/* Begin PBXResourcesBuildPhase section */
		5BD2C4A917C5496A00028E4B /* Resources */ = {
			isa = PBXResourcesBuildPhase;
			buildActionMask = 2147483647;
			files = (
				5BD2C4B917C5496A00028E4B /* InfoPlist.strings in Resources */,
				5BD2C4C117C5496B00028E4B /* Default.png in Resources */,
				5BD2C4C317C5496B00028E4B /* Default@2x.png in Resources */,
				5BD2C4C517C5496B00028E4B /* Default-568h@2x.png in Resources */,
				5BD2C4C817C5496B00028E4B /* MainStoryboard_iPhone.storyboard in Resources */,
				5BD2C4CB17C5496B00028E4B /* MainStoryboard_iPad.storyboard in Resources */,
			);
			runOnlyForDeploymentPostprocessing = 0;
		};
		5BD2C4D117C5496B00028E4B /* Resources */ = {
			isa = PBXResourcesBuildPhase;
			buildActionMask = 2147483647;
			files = (
				5BD2C4E017C5496B00028E4B /* InfoPlist.strings in Resources */,
			);
			runOnlyForDeploymentPostprocessing = 0;
		};
/* End PBXResourcesBuildPhase section */

/* Begin PBXShellScriptBuildPhase section */
		571224623C61403591CC3AA2 /* Check Pods Manifest.lock */ = {
			isa = PBXShellScriptBuildPhase;
			buildActionMask = 2147483647;
			files = (
			);
			inputPaths = (
			);
			name = "Check Pods Manifest.lock";
			outputPaths = (
			);
			runOnlyForDeploymentPostprocessing = 0;
			shellPath = /bin/sh;
			shellScript = "diff \"${PODS_ROOT}/../Podfile.lock\" \"${PODS_ROOT}/Manifest.lock\" > /dev/null\nif [[ $? != 0 ]] ; then\n    cat << EOM\nerror: The sandbox is not in sync with the Podfile.lock. Run 'pod install' or update your CocoaPods installation.\nEOM\n    exit 1\nfi\n";
			showEnvVarsInLog = 1;
		};
		5BD2C4D217C5496B00028E4B /* ShellScript */ = {
			isa = PBXShellScriptBuildPhase;
			buildActionMask = 2147483647;
			files = (
			);
			inputPaths = (
			);
			outputPaths = (
			);
			runOnlyForDeploymentPostprocessing = 0;
			shellPath = /bin/sh;
			shellScript = "# Run the unit tests in this test bundle.\n\"${SYSTEM_DEVELOPER_DIR}/Tools/RunUnitTests\"\n";
		};
		84A6E5BB941147FDAFDE8531 /* Copy Pods Resources */ = {
			isa = PBXShellScriptBuildPhase;
			buildActionMask = 2147483647;
			files = (
			);
			inputPaths = (
			);
			name = "Copy Pods Resources";
			outputPaths = (
			);
			runOnlyForDeploymentPostprocessing = 0;
			shellPath = /bin/sh;
			shellScript = "\"${SRCROOT}/Pods/Pods-resources.sh\"\n";
			showEnvVarsInLog = 1;
		};
/* End PBXShellScriptBuildPhase section */

/* Begin PBXSourcesBuildPhase section */
		5BD2C4A717C5496A00028E4B /* Sources */ = {
			isa = PBXSourcesBuildPhase;
			buildActionMask = 2147483647;
			files = (
				5BD2C4BB17C5496A00028E4B /* main.m in Sources */,
				5BD2C4BF17C5496A00028E4B /* XBAppDelegate.m in Sources */,
				5BD2C4CE17C5496B00028E4B /* XBViewController.m in Sources */,
			);
			runOnlyForDeploymentPostprocessing = 0;
		};
		5BD2C4CF17C5496B00028E4B /* Sources */ = {
			isa = PBXSourcesBuildPhase;
			buildActionMask = 2147483647;
			files = (
				5BD2C4E317C5496B00028E4B /* AWS_SNS_samplesTests.m in Sources */,
			);
			runOnlyForDeploymentPostprocessing = 0;
		};
/* End PBXSourcesBuildPhase section */

/* Begin PBXTargetDependency section */
		5BD2C4DA17C5496B00028E4B /* PBXTargetDependency */ = {
			isa = PBXTargetDependency;
			target = 5BD2C4AA17C5496A00028E4B /* AWS-SNS-samples */;
			targetProxy = 5BD2C4D917C5496B00028E4B /* PBXContainerItemProxy */;
		};
/* End PBXTargetDependency section */

/* Begin PBXVariantGroup section */
		5BD2C4B717C5496A00028E4B /* InfoPlist.strings */ = {
			isa = PBXVariantGroup;
			children = (
				5BD2C4B817C5496A00028E4B /* en */,
			);
			name = InfoPlist.strings;
			sourceTree = "<group>";
		};
		5BD2C4C617C5496B00028E4B /* MainStoryboard_iPhone.storyboard */ = {
			isa = PBXVariantGroup;
			children = (
				5BD2C4C717C5496B00028E4B /* en */,
			);
			name = MainStoryboard_iPhone.storyboard;
			sourceTree = "<group>";
		};
		5BD2C4C917C5496B00028E4B /* MainStoryboard_iPad.storyboard */ = {
			isa = PBXVariantGroup;
			children = (
				5BD2C4CA17C5496B00028E4B /* en */,
			);
			name = MainStoryboard_iPad.storyboard;
			sourceTree = "<group>";
		};
		5BD2C4DE17C5496B00028E4B /* InfoPlist.strings */ = {
			isa = PBXVariantGroup;
			children = (
				5BD2C4DF17C5496B00028E4B /* en */,
			);
			name = InfoPlist.strings;
			sourceTree = "<group>";
		};
/* End PBXVariantGroup section */

/* Begin XCBuildConfiguration section */
		5BD2C4E417C5496B00028E4B /* Debug */ = {
			isa = XCBuildConfiguration;
			buildSettings = {
				ALWAYS_SEARCH_USER_PATHS = NO;
				CLANG_CXX_LANGUAGE_STANDARD = "gnu++0x";
				CLANG_CXX_LIBRARY = "libc++";
				CLANG_ENABLE_OBJC_ARC = YES;
				CLANG_WARN_CONSTANT_CONVERSION = YES;
				CLANG_WARN_EMPTY_BODY = YES;
				CLANG_WARN_ENUM_CONVERSION = YES;
				CLANG_WARN_INT_CONVERSION = YES;
				CLANG_WARN__DUPLICATE_METHOD_MATCH = YES;
				"CODE_SIGN_IDENTITY[sdk=iphoneos*]" = "iPhone Developer";
				COPY_PHASE_STRIP = NO;
				GCC_C_LANGUAGE_STANDARD = gnu99;
				GCC_DYNAMIC_NO_PIC = NO;
				GCC_OPTIMIZATION_LEVEL = 0;
				GCC_PREPROCESSOR_DEFINITIONS = (
					"DEBUG=1",
					"$(inherited)",
				);
				GCC_SYMBOLS_PRIVATE_EXTERN = NO;
				GCC_WARN_ABOUT_RETURN_TYPE = YES;
				GCC_WARN_UNINITIALIZED_AUTOS = YES;
				GCC_WARN_UNUSED_VARIABLE = YES;
				IPHONEOS_DEPLOYMENT_TARGET = 6.1;
				ONLY_ACTIVE_ARCH = YES;
				SDKROOT = iphoneos;
				TARGETED_DEVICE_FAMILY = "1,2";
			};
			name = Debug;
		};
		5BD2C4E517C5496B00028E4B /* Release */ = {
			isa = XCBuildConfiguration;
			buildSettings = {
				ALWAYS_SEARCH_USER_PATHS = NO;
				CLANG_CXX_LANGUAGE_STANDARD = "gnu++0x";
				CLANG_CXX_LIBRARY = "libc++";
				CLANG_ENABLE_OBJC_ARC = YES;
				CLANG_WARN_CONSTANT_CONVERSION = YES;
				CLANG_WARN_EMPTY_BODY = YES;
				CLANG_WARN_ENUM_CONVERSION = YES;
				CLANG_WARN_INT_CONVERSION = YES;
				CLANG_WARN__DUPLICATE_METHOD_MATCH = YES;
				"CODE_SIGN_IDENTITY[sdk=iphoneos*]" = "iPhone Developer";
				COPY_PHASE_STRIP = YES;
				GCC_C_LANGUAGE_STANDARD = gnu99;
				GCC_WARN_ABOUT_RETURN_TYPE = YES;
				GCC_WARN_UNINITIALIZED_AUTOS = YES;
				GCC_WARN_UNUSED_VARIABLE = YES;
				IPHONEOS_DEPLOYMENT_TARGET = 6.1;
				OTHER_CFLAGS = "-DNS_BLOCK_ASSERTIONS=1";
				SDKROOT = iphoneos;
				TARGETED_DEVICE_FAMILY = "1,2";
				VALIDATE_PRODUCT = YES;
			};
			name = Release;
		};
		5BD2C4E717C5496B00028E4B /* Debug */ = {
			isa = XCBuildConfiguration;
			baseConfigurationReference = E4DC477D46ED47DA935F1FB3 /* Pods.xcconfig */;
			buildSettings = {
				GCC_PRECOMPILE_PREFIX_HEADER = YES;
				GCC_PREFIX_HEADER = "AWS-SNS-samples/AWS-SNS-samples-Prefix.pch";
				INFOPLIST_FILE = "AWS-SNS-samples/AWS-SNS-samples-Info.plist";
				PRODUCT_NAME = "$(TARGET_NAME)";
				WRAPPER_EXTENSION = app;
			};
			name = Debug;
		};
		5BD2C4E817C5496B00028E4B /* Release */ = {
			isa = XCBuildConfiguration;
			baseConfigurationReference = E4DC477D46ED47DA935F1FB3 /* Pods.xcconfig */;
			buildSettings = {
				GCC_PRECOMPILE_PREFIX_HEADER = YES;
				GCC_PREFIX_HEADER = "AWS-SNS-samples/AWS-SNS-samples-Prefix.pch";
				INFOPLIST_FILE = "AWS-SNS-samples/AWS-SNS-samples-Info.plist";
				PRODUCT_NAME = "$(TARGET_NAME)";
				WRAPPER_EXTENSION = app;
			};
			name = Release;
		};
		5BD2C4EA17C5496B00028E4B /* Debug */ = {
			isa = XCBuildConfiguration;
			buildSettings = {
				BUNDLE_LOADER = "$(BUILT_PRODUCTS_DIR)/AWS-SNS-samples.app/AWS-SNS-samples";
				FRAMEWORK_SEARCH_PATHS = (
					"\"$(SDKROOT)/Developer/Library/Frameworks\"",
					"\"$(DEVELOPER_LIBRARY_DIR)/Frameworks\"",
				);
				GCC_PRECOMPILE_PREFIX_HEADER = YES;
				GCC_PREFIX_HEADER = "AWS-SNS-samples/AWS-SNS-samples-Prefix.pch";
				INFOPLIST_FILE = "AWS-SNS-samplesTests/AWS-SNS-samplesTests-Info.plist";
				PRODUCT_NAME = "$(TARGET_NAME)";
				TEST_HOST = "$(BUNDLE_LOADER)";
				WRAPPER_EXTENSION = octest;
			};
			name = Debug;
		};
		5BD2C4EB17C5496B00028E4B /* Release */ = {
			isa = XCBuildConfiguration;
			buildSettings = {
				BUNDLE_LOADER = "$(BUILT_PRODUCTS_DIR)/AWS-SNS-samples.app/AWS-SNS-samples";
				FRAMEWORK_SEARCH_PATHS = (
					"\"$(SDKROOT)/Developer/Library/Frameworks\"",
					"\"$(DEVELOPER_LIBRARY_DIR)/Frameworks\"",
				);
				GCC_PRECOMPILE_PREFIX_HEADER = YES;
				GCC_PREFIX_HEADER = "AWS-SNS-samples/AWS-SNS-samples-Prefix.pch";
				INFOPLIST_FILE = "AWS-SNS-samplesTests/AWS-SNS-samplesTests-Info.plist";
				PRODUCT_NAME = "$(TARGET_NAME)";
				TEST_HOST = "$(BUNDLE_LOADER)";
				WRAPPER_EXTENSION = octest;
			};
			name = Release;
		};
/* End XCBuildConfiguration section */

/* Begin XCConfigurationList section */
		5BD2C4A617C5496A00028E4B /* Build configuration list for PBXProject "AWS-SNS-samples" */ = {
			isa = XCConfigurationList;
			buildConfigurations = (
				5BD2C4E417C5496B00028E4B /* Debug */,
				5BD2C4E517C5496B00028E4B /* Release */,
			);
			defaultConfigurationIsVisible = 0;
			defaultConfigurationName = Release;
		};
		5BD2C4E617C5496B00028E4B /* Build configuration list for PBXNativeTarget "AWS-SNS-samples" */ = {
			isa = XCConfigurationList;
			buildConfigurations = (
				5BD2C4E717C5496B00028E4B /* Debug */,
				5BD2C4E817C5496B00028E4B /* Release */,
			);
			defaultConfigurationIsVisible = 0;
		};
		5BD2C4E917C5496B00028E4B /* Build configuration list for PBXNativeTarget "AWS-SNS-samplesTests" */ = {
			isa = XCConfigurationList;
			buildConfigurations = (
				5BD2C4EA17C5496B00028E4B /* Debug */,
				5BD2C4EB17C5496B00028E4B /* Release */,
			);
			defaultConfigurationIsVisible = 0;
		};
/* End XCConfigurationList section */
	};
	rootObject = 5BD2C4A317C5496A00028E4B /* Project object */;
}
